# This file is autogenerated, do not edit; changes may be undone by the next 'dep ensure'.


[[projects]]
  branch = "master"
  name = "github.com/gobwas/httphead"
  packages = ["."]
  revision = "2c6c146eadee0b69f856f87e3e9f1d0cd6aad2f5"

[[projects]]
  name = "github.com/gobwas/pool"
  packages = [
    ".",
    "internal/pmath",
    "pbufio",
    "pbytes"
  ]
  revision = "fa3125c39d7eca32e1387bb69b1b38dcb31b1e0b"
  version = "v0.2.0"

[[projects]]
  branch = "master"
  name = "github.com/gobwas/ws"
  packages = [
    ".",
    "wsutil"
  ]
  revision = "3ecb9262f3cff6da78e01d495fb8442e31263e65"

[[projects]]
  name = "github.com/gorilla/websocket"
  packages = ["."]
  revision = "66b9c49e59c6c48f0ffce28c2d8b8a5678502c6d"
  version = "v1.4.0"

[[projects]]
  branch = "master"
  name = "github.com/shubinmi/wstonats"
  packages = ["."]
  revision = "5078a5b98fb96d7cbac475487e678401ac88b360"

[[projects]]
  branch = "master"
  name = "golang.org/x/sys"
  packages = ["unix"]
  revision = "4497e2df6f9e69048a54498c7affbbec3294ad47"

[solve-meta]
  analyzer-name = "dep"
  analyzer-version = 1
  inputs-digest = "d545d47854afc6f8da21ca9fbf5d4d1aeb6deed7197fd4ef0081f42c293acf6a"
  solver-name = "gps-cdcl"
  solver-version = 1
