# This file is autogenerated, do not edit; changes may be undone by the next 'dep ensure'.


[[projects]]
  branch = "master"
  name = "github.com/gobwas/httphead"
  packages = ["."]
  revision = "2c6c146eadee0b69f856f87e3e9f1d0cd6aad2f5"

[[projects]]
  branch = "master"
  name = "github.com/gobwas/pool"
  packages = [
    ".",
    "pbufio",
    "pbytes"
  ]
  revision = "e294a5482d9a8523f8e6b2744ea2185083c838af"

[[projects]]
  branch = "master"
  name = "github.com/gobwas/ws"
  packages = [
    ".",
    "wsutil"
  ]
  revision = "c8595a6266aa8b97b14e7406cf059cd240b34100"

[[projects]]
  name = "github.com/gorilla/websocket"
  packages = ["."]
  revision = "ea4d1f681babbce9545c9c5f3d5194a789c89f5b"
  version = "v1.2.0"

[[projects]]
  branch = "master"
  name = "github.com/shubinmi/wstonats"
  packages = ["."]
  revision = "4de38c241802481507f1821fefc351c96fba27d2"

[[projects]]
  branch = "master"
  name = "golang.org/x/sys"
  packages = ["unix"]
  revision = "378d26f46672a356c46195c28f61bdb4c0a781dd"

[solve-meta]
  analyzer-name = "dep"
  analyzer-version = 1
  inputs-digest = "d545d47854afc6f8da21ca9fbf5d4d1aeb6deed7197fd4ef0081f42c293acf6a"
  solver-name = "gps-cdcl"
  solver-version = 1
